
Microsoft Visual Studio Solution File, Format Version 12.00
# Visual Studio 15
VisualStudioVersion = 15.0.27004.2010
MinimumVisualStudioVersion = 10.0.40219.1
Project("{FAE04EC0-301F-11D3-BF4B-00C04F79EFBC}") = "Geta.EmailNotification.SendGrid", "src\Geta.EmailNotification.SendGrid\Geta.EmailNotification.SendGrid.csproj", "{C438E126-A2E4-4C65-AA7A-4CB3D6D2E7D6}"
EndProject
Project("{FAE04EC0-301F-11D3-BF4B-00C04F79EFBC}") = "Geta.EmailNotification.Postmark", "src\Geta.EmailNotification.Postmark\Geta.EmailNotification.Postmark.csproj", "{FBF1C26D-213C-45CB-BB73-C576C1972D3B}"
EndProject
Project("{FAE04EC0-301F-11D3-BF4B-00C04F79EFBC}") = "Geta.EmailNotification.MailGun", "src\Geta.EmailNotification.MailGun\Geta.EmailNotification.MailGun.csproj", "{1FBC4A71-998E-4DAC-909C-CB636EBD33C7}"
EndProject
Project("{FAE04EC0-301F-11D3-BF4B-00C04F79EFBC}") = "Geta.EmailNotification.Amazon", "src\Geta.EmailNotification.Amazon\Geta.EmailNotification.Amazon.csproj", "{7186886A-3A92-44BE-BF9D-4BFFD8AE1F48}"
EndProject
Project("{FAE04EC0-301F-11D3-BF4B-00C04F79EFBC}") = "Geta.EmailNotification.Core", "src\Geta.EmailNotification.Core\Geta.EmailNotification.Core.csproj", "{678EBAAC-D671-41B5-8141-4B083F2835B0}"
EndProject
Project("{FAE04EC0-301F-11D3-BF4B-00C04F79EFBC}") = "Geta.EmailNotification.Core.Tests", "test\Geta.EmailNotification.Core.Tests\Geta.EmailNotification.Core.Tests.csproj", "{57D3B33E-E155-4BD1-A095-C0A1BD1029CE}"
EndProject
Project("{FAE04EC0-301F-11D3-BF4B-00C04F79EFBC}") = "Geta.EmailNotification.Common", "src\Geta.EmailNotification.Common\Geta.EmailNotification.Common.csproj", "{12E98678-9A38-4187-B701-ED99068D4EF8}"
EndProject
Global
	GlobalSection(SolutionConfigurationPlatforms) = preSolution
		Debug|Any CPU = Debug|Any CPU
		Release|Any CPU = Release|Any CPU
	EndGlobalSection
	GlobalSection(ProjectConfigurationPlatforms) = postSolution
		{C438E126-A2E4-4C65-AA7A-4CB3D6D2E7D6}.Debug|Any CPU.ActiveCfg = Debug|Any CPU
		{C438E126-A2E4-4C65-AA7A-4CB3D6D2E7D6}.Debug|Any CPU.Build.0 = Debug|Any CPU
		{C438E126-A2E4-4C65-AA7A-4CB3D6D2E7D6}.Release|Any CPU.ActiveCfg = Release|Any CPU
		{C438E126-A2E4-4C65-AA7A-4CB3D6D2E7D6}.Release|Any CPU.Build.0 = Release|Any CPU
		{FBF1C26D-213C-45CB-BB73-C576C1972D3B}.Debug|Any CPU.ActiveCfg = Debug|Any CPU
		{FBF1C26D-213C-45CB-BB73-C576C1972D3B}.Debug|Any CPU.Build.0 = Debug|Any CPU
		{FBF1C26D-213C-45CB-BB73-C576C1972D3B}.Release|Any CPU.ActiveCfg = Release|Any CPU
		{FBF1C26D-213C-45CB-BB73-C576C1972D3B}.Release|Any CPU.Build.0 = Release|Any CPU
		{1FBC4A71-998E-4DAC-909C-CB636EBD33C7}.Debug|Any CPU.ActiveCfg = Debug|Any CPU
		{1FBC4A71-998E-4DAC-909C-CB636EBD33C7}.Debug|Any CPU.Build.0 = Debug|Any CPU
		{1FBC4A71-998E-4DAC-909C-CB636EBD33C7}.Release|Any CPU.ActiveCfg = Release|Any CPU
		{1FBC4A71-998E-4DAC-909C-CB636EBD33C7}.Release|Any CPU.Build.0 = Release|Any CPU
		{7186886A-3A92-44BE-BF9D-4BFFD8AE1F48}.Debug|Any CPU.ActiveCfg = Debug|Any CPU
		{7186886A-3A92-44BE-BF9D-4BFFD8AE1F48}.Debug|Any CPU.Build.0 = Debug|Any CPU
		{7186886A-3A92-44BE-BF9D-4BFFD8AE1F48}.Release|Any CPU.ActiveCfg = Release|Any CPU
		{7186886A-3A92-44BE-BF9D-4BFFD8AE1F48}.Release|Any CPU.Build.0 = Release|Any CPU
		{678EBAAC-D671-41B5-8141-4B083F2835B0}.Debug|Any CPU.ActiveCfg = Debug|Any CPU
		{678EBAAC-D671-41B5-8141-4B083F2835B0}.Debug|Any CPU.Build.0 = Debug|Any CPU
		{678EBAAC-D671-41B5-8141-4B083F2835B0}.Release|Any CPU.ActiveCfg = Release|Any CPU
		{678EBAAC-D671-41B5-8141-4B083F2835B0}.Release|Any CPU.Build.0 = Release|Any CPU
		{57D3B33E-E155-4BD1-A095-C0A1BD1029CE}.Debug|Any CPU.ActiveCfg = Debug|Any CPU
		{57D3B33E-E155-4BD1-A095-C0A1BD1029CE}.Debug|Any CPU.Build.0 = Debug|Any CPU
		{57D3B33E-E155-4BD1-A095-C0A1BD1029CE}.Release|Any CPU.ActiveCfg = Release|Any CPU
		{57D3B33E-E155-4BD1-A095-C0A1BD1029CE}.Release|Any CPU.Build.0 = Release|Any CPU
		{12E98678-9A38-4187-B701-ED99068D4EF8}.Debug|Any CPU.ActiveCfg = Debug|Any CPU
		{12E98678-9A38-4187-B701-ED99068D4EF8}.Debug|Any CPU.Build.0 = Debug|Any CPU
		{12E98678-9A38-4187-B701-ED99068D4EF8}.Release|Any CPU.ActiveCfg = Release|Any CPU
		{12E98678-9A38-4187-B701-ED99068D4EF8}.Release|Any CPU.Build.0 = Release|Any CPU
	EndGlobalSection
	GlobalSection(SolutionProperties) = preSolution
		HideSolutionNode = FALSE
	EndGlobalSection
	GlobalSection(ExtensibilityGlobals) = postSolution
		SolutionGuid = {69BA38B4-9347-4CDC-8106-70A38B267C1C}
	EndGlobalSection
EndGlobal
